// !$*UTF8*$!
{
	archiveVersion = 1;
	classes = {
	};
	objectVersion = 56;
	objects = {

/* Begin PBXBuildFile section */
		1100000000000001 /* MemorezerApp.swift in Sources */ = {isa = PBXBuildFile; fileRef = 2200000000000001 /* MemorezerApp.swift */; };
		1100000000000002 /* ContentView.swift in Sources */ = {isa = PBXBuildFile; fileRef = 2200000000000002 /* ContentView.swift */; };
		1100000000000003 /* SpeechRecognitionService.swift in Sources */ = {isa = PBXBuildFile; fileRef = 2200000000000003 /* SpeechRecognitionService.swift */; };
		1100000000000004 /* WordComparator.swift in Sources */ = {isa = PBXBuildFile; fileRef = 2200000000000004 /* WordComparator.swift */; };
		1100000000000005 /* AlertManager.swift in Sources */ = {isa = PBXBuildFile; fileRef = 2200000000000005 /* AlertManager.swift */; };
		1100000000000006 /* Quote.swift in Sources */ = {isa = PBXBuildFile; fileRef = 2200000000000006 /* Quote.swift */; };
		1100000000000007 /* Settings.swift in Sources */ = {isa = PBXBuildFile; fileRef = 2200000000000007 /* Settings.swift */; };
		1100000000000008 /* QuoteStore.swift in Sources */ = {isa = PBXBuildFile; fileRef = 2200000000000008 /* QuoteStore.swift */; };
		1100000000000009 /* SettingsStore.swift in Sources */ = {isa = PBXBuildFile; fileRef = 2200000000000009 /* SettingsStore.swift */; };
		110000000000000A /* HomeScreen.swift in Sources */ = {isa = PBXBuildFile; fileRef = 220000000000000A /* HomeScreen.swift */; };
		110000000000000B /* QuoteLibraryScreen.swift in Sources */ = {isa = PBXBuildFile; fileRef = 220000000000000B /* QuoteLibraryScreen.swift */; };
		110000000000000C /* RecitationScreen.swift in Sources */ = {isa = PBXBuildFile; fileRef = 220000000000000C /* RecitationScreen.swift */; };
		110000000000000D /* SettingsScreen.swift in Sources */ = {isa = PBXBuildFile; fileRef = 220000000000000D /* SettingsScreen.swift */; };
		110000000000000E /* QuoteInputView.swift in Sources */ = {isa = PBXBuildFile; fileRef = 220000000000000E /* QuoteInputView.swift */; };
		110000000000000F /* RecitationViewModel.swift in Sources */ = {isa = PBXBuildFile; fileRef = 220000000000000F /* RecitationViewModel.swift */; };
		1100000000000010 /* Assets.xcassets in Resources */ = {isa = PBXBuildFile; fileRef = 2200000000000010 /* Assets.xcassets */; };
		1100000000000011 /* StreakDetailView.swift in Sources */ = {isa = PBXBuildFile; fileRef = 2200000000000012 /* StreakDetailView.swift */; };
		1100000000000012 /* AccuracyDetailView.swift in Sources */ = {isa = PBXBuildFile; fileRef = 2200000000000013 /* AccuracyDetailView.swift */; };
		1100000000000013 /* LocalRecordingStore.swift in Sources */ = {isa = PBXBuildFile; fileRef = 2200000000000014 /* LocalRecordingStore.swift */; };
		1100000000000015 /* UserEquivalencesStore.swift in Sources */ = {isa = PBXBuildFile; fileRef = 2200000000000015 /* UserEquivalencesStore.swift */; };
		1100000000000016 /* SuggestionPack.swift in Sources */ = {isa = PBXBuildFile; fileRef = 2200000000000016 /* SuggestionPack.swift */; };
		1100000000000017 /* Recording.swift in Sources */ = {isa = PBXBuildFile; fileRef = 2200000000000017 /* Recording.swift */; };
		1100000000000018 /* MemorizationMode.swift in Sources */ = {isa = PBXBuildFile; fileRef = 2200000000000018 /* MemorizationMode.swift */; };
		1100000000000019 /* SupabaseConfig.swift in Sources */ = {isa = PBXBuildFile; fileRef = 2200000000000019 /* SupabaseConfig.swift */; };
		110000000000001A /* RecordingService.swift in Sources */ = {isa = PBXBuildFile; fileRef = 220000000000001A /* RecordingService.swift */; };
		110000000000001B /* AudioRecorderService.swift in Sources */ = {isa = PBXBuildFile; fileRef = 220000000000001B /* AudioRecorderService.swift */; };
		110000000000001C /* EquivalenceService.swift in Sources */ = {isa = PBXBuildFile; fileRef = 220000000000001C /* EquivalenceService.swift */; };
		110000000000001D /* UnsplashService.swift in Sources */ = {isa = PBXBuildFile; fileRef = 220000000000001D /* UnsplashService.swift */; };
		110000000000001F /* QuoteSplitView.swift in Sources */ = {isa = PBXBuildFile; fileRef = 220000000000001F /* QuoteSplitView.swift */; };
		1100000000000020 /* BrainCharacterView.swift in Sources */ = {isa = PBXBuildFile; fileRef = 2200000000000020 /* BrainCharacterView.swift */; };
		1100000000000021 /* PhotoSourcePicker.swift in Sources */ = {isa = PBXBuildFile; fileRef = 2200000000000021 /* PhotoSourcePicker.swift */; };
		1100000000000022 /* TextChunker.swift in Sources */ = {isa = PBXBuildFile; fileRef = 2200000000000022 /* TextChunker.swift */; };
		1100000000000023 /* DoubleMetaphone.swift in Sources */ = {isa = PBXBuildFile; fileRef = 2200000000000023 /* DoubleMetaphone.swift */; };
		1100000000000024 /* Localizable.xcstrings in Resources */ = {isa = PBXBuildFile; fileRef = 2200000000000024 /* Localizable.xcstrings */; };
		1100000000000025 /* PackService.swift in Sources */ = {isa = PBXBuildFile; fileRef = 2200000000000025 /* PackService.swift */; };
		1100000000000026 /* TipDefinition.swift in Sources */ = {isa = PBXBuildFile; fileRef = 2200000000000026 /* TipDefinition.swift */; };
		1100000000000027 /* TutorialStore.swift in Sources */ = {isa = PBXBuildFile; fileRef = 2200000000000027 /* TutorialStore.swift */; };
		1100000000000028 /* SpotlightOverlay.swift in Sources */ = {isa = PBXBuildFile; fileRef = 2200000000000028 /* SpotlightOverlay.swift */; };
		1100000000000029 /* SpotlightCoordinator.swift in Sources */ = {isa = PBXBuildFile; fileRef = 2200000000000029 /* SpotlightCoordinator.swift */; };
		110000000000002A /* SpotlightModifier.swift in Sources */ = {isa = PBXBuildFile; fileRef = 220000000000002A /* SpotlightModifier.swift */; };
		110000000000002B /* QuoteAccuracyDetailView.swift in Sources */ = {isa = PBXBuildFile; fileRef = 220000000000002B /* QuoteAccuracyDetailView.swift */; };
		1100000000000030 /* Sounds in Resources */ = {isa = PBXBuildFile; fileRef = 2200000000000030 /* Sounds */; };
		1100000000000031 /* TextToSpeechService.swift in Sources */ = {isa = PBXBuildFile; fileRef = 2200000000000031 /* TextToSpeechService.swift */; };
		1100000000000032 /* KeychainHelper.swift in Sources */ = {isa = PBXBuildFile; fileRef = 2200000000000032 /* KeychainHelper.swift */; };
		1100000000000033 /* AuthUser.swift in Sources */ = {isa = PBXBuildFile; fileRef = 2200000000000033 /* AuthUser.swift */; };
		1100000000000034 /* AuthService.swift in Sources */ = {isa = PBXBuildFile; fileRef = 2200000000000034 /* AuthService.swift */; };
		1100000000000035 /* AuthSheet.swift in Sources */ = {isa = PBXBuildFile; fileRef = 2200000000000035 /* AuthSheet.swift */; };
		1100000000000040 /* RevenueCatConfig.swift in Sources */ = {isa = PBXBuildFile; fileRef = 2200000000000040 /* RevenueCatConfig.swift */; };
		1100000000000041 /* PurchaseService.swift in Sources */ = {isa = PBXBuildFile; fileRef = 2200000000000041 /* PurchaseService.swift */; };
		1100000000000042 /* PaywallSheet.swift in Sources */ = {isa = PBXBuildFile; fileRef = 2200000000000042 /* PaywallSheet.swift */; };
		1100000000000043 /* ProBadge.swift in Sources */ = {isa = PBXBuildFile; fileRef = 2200000000000043 /* ProBadge.swift */; };
		1100000000000044 /* RevenueCat in Frameworks */ = {isa = PBXBuildFile; productRef = AA00000000000002 /* RevenueCat */; };
		1100000000000045 /* OnboardingFlow.swift in Sources */ = {isa = PBXBuildFile; fileRef = 2200000000000045 /* OnboardingFlow.swift */; };
		1100000000000046 /* ContactSupportView.swift in Sources */ = {isa = PBXBuildFile; fileRef = 2200000000000046 /* ContactSupportView.swift */; };
		1100000000000047 /* SupportTicketService.swift in Sources */ = {isa = PBXBuildFile; fileRef = 2200000000000047 /* SupportTicketService.swift */; };
		1100000000000080 /* LanguageService.swift in Sources */ = {isa = PBXBuildFile; fileRef = 2200000000000080 /* LanguageService.swift */; };
		1100000000000081 /* BackupPayload.swift in Sources */ = {isa = PBXBuildFile; fileRef = 2200000000000081 /* BackupPayload.swift */; };
		1100000000000082 /* CloudBackupService.swift in Sources */ = {isa = PBXBuildFile; fileRef = 2200000000000082 /* CloudBackupService.swift */; };
/* End PBXBuildFile section */

/* Begin PBXFileReference section */
		2200000000000001 /* MemorezerApp.swift */ = {isa = PBXFileReference; lastKnownFileType = sourcecode.swift; path = MemorezerApp.swift; sourceTree = "<group>"; };
		2200000000000002 /* ContentView.swift */ = {isa = PBXFileReference; lastKnownFileType = sourcecode.swift; path = ContentView.swift; sourceTree = "<group>"; };
		2200000000000003 /* SpeechRecognitionService.swift */ = {isa = PBXFileReference; lastKnownFileType = sourcecode.swift; path = SpeechRecognitionService.swift; sourceTree = "<group>"; };
		2200000000000004 /* WordComparator.swift */ = {isa = PBXFileReference; lastKnownFileType = sourcecode.swift; path = WordComparator.swift; sourceTree = "<group>"; };
		2200000000000005 /* AlertManager.swift */ = {isa = PBXFileReference; lastKnownFileType = sourcecode.swift; path = AlertManager.swift; sourceTree = "<group>"; };
		2200000000000006 /* Quote.swift */ = {isa = PBXFileReference; lastKnownFileType = sourcecode.swift; path = Quote.swift; sourceTree = "<group>"; };
		2200000000000007 /* Settings.swift */ = {isa = PBXFileReference; lastKnownFileType = sourcecode.swift; path = Settings.swift; sourceTree = "<group>"; };
		2200000000000008 /* QuoteStore.swift */ = {isa = PBXFileReference; lastKnownFileType = sourcecode.swift; path = QuoteStore.swift; sourceTree = "<group>"; };
		2200000000000009 /* SettingsStore.swift */ = {isa = PBXFileReference; lastKnownFileType = sourcecode.swift; path = SettingsStore.swift; sourceTree = "<group>"; };
		220000000000000A /* HomeScreen.swift */ = {isa = PBXFileReference; lastKnownFileType = sourcecode.swift; path = HomeScreen.swift; sourceTree = "<group>"; };
		220000000000000B /* QuoteLibraryScreen.swift */ = {isa = PBXFileReference; lastKnownFileType = sourcecode.swift; path = QuoteLibraryScreen.swift; sourceTree = "<group>"; };
		220000000000000C /* RecitationScreen.swift */ = {isa = PBXFileReference; lastKnownFileType = sourcecode.swift; path = RecitationScreen.swift; sourceTree = "<group>"; };
		220000000000000D /* SettingsScreen.swift */ = {isa = PBXFileReference; lastKnownFileType = sourcecode.swift; path = SettingsScreen.swift; sourceTree = "<group>"; };
		220000000000000E /* QuoteInputView.swift */ = {isa = PBXFileReference; lastKnownFileType = sourcecode.swift; path = QuoteInputView.swift; sourceTree = "<group>"; };
		220000000000000F /* RecitationViewModel.swift */ = {isa = PBXFileReference; lastKnownFileType = sourcecode.swift; path = RecitationViewModel.swift; sourceTree = "<group>"; };
		2200000000000010 /* Assets.xcassets */ = {isa = PBXFileReference; lastKnownFileType = folder.assetcatalog; path = Assets.xcassets; sourceTree = "<group>"; };
		2200000000000011 /* Info.plist */ = {isa = PBXFileReference; lastKnownFileType = text.plist.xml; path = Info.plist; sourceTree = "<group>"; };
		2200000000000012 /* StreakDetailView.swift */ = {isa = PBXFileReference; lastKnownFileType = sourcecode.swift; path = StreakDetailView.swift; sourceTree = "<group>"; };
		2200000000000013 /* AccuracyDetailView.swift */ = {isa = PBXFileReference; lastKnownFileType = sourcecode.swift; path = AccuracyDetailView.swift; sourceTree = "<group>"; };
		2200000000000014 /* LocalRecordingStore.swift */ = {isa = PBXFileReference; lastKnownFileType = sourcecode.swift; path = LocalRecordingStore.swift; sourceTree = "<group>"; };
		2200000000000015 /* UserEquivalencesStore.swift */ = {isa = PBXFileReference; lastKnownFileType = sourcecode.swift; path = UserEquivalencesStore.swift; sourceTree = "<group>"; };
		2200000000000016 /* SuggestionPack.swift */ = {isa = PBXFileReference; lastKnownFileType = sourcecode.swift; path = SuggestionPack.swift; sourceTree = "<group>"; };
		2200000000000017 /* Recording.swift */ = {isa = PBXFileReference; lastKnownFileType = sourcecode.swift; path = Recording.swift; sourceTree = "<group>"; };
		2200000000000018 /* MemorizationMode.swift */ = {isa = PBXFileReference; lastKnownFileType = sourcecode.swift; path = MemorizationMode.swift; sourceTree = "<group>"; };
		2200000000000019 /* SupabaseConfig.swift */ = {isa = PBXFileReference; lastKnownFileType = sourcecode.swift; path = SupabaseConfig.swift; sourceTree = "<group>"; };
		220000000000001A /* RecordingService.swift */ = {isa = PBXFileReference; lastKnownFileType = sourcecode.swift; path = RecordingService.swift; sourceTree = "<group>"; };
		220000000000001B /* AudioRecorderService.swift */ = {isa = PBXFileReference; lastKnownFileType = sourcecode.swift; path = AudioRecorderService.swift; sourceTree = "<group>"; };
		220000000000001C /* EquivalenceService.swift */ = {isa = PBXFileReference; lastKnownFileType = sourcecode.swift; path = EquivalenceService.swift; sourceTree = "<group>"; };
		220000000000001D /* UnsplashService.swift */ = {isa = PBXFileReference; lastKnownFileType = sourcecode.swift; path = UnsplashService.swift; sourceTree = "<group>"; };
		220000000000001F /* QuoteSplitView.swift */ = {isa = PBXFileReference; lastKnownFileType = sourcecode.swift; path = QuoteSplitView.swift; sourceTree = "<group>"; };
		2200000000000020 /* BrainCharacterView.swift */ = {isa = PBXFileReference; lastKnownFileType = sourcecode.swift; path = BrainCharacterView.swift; sourceTree = "<group>"; };
		2200000000000021 /* PhotoSourcePicker.swift */ = {isa = PBXFileReference; lastKnownFileType = sourcecode.swift; path = PhotoSourcePicker.swift; sourceTree = "<group>"; };
		2200000000000022 /* TextChunker.swift */ = {isa = PBXFileReference; lastKnownFileType = sourcecode.swift; path = TextChunker.swift; sourceTree = "<group>"; };
		2200000000000023 /* DoubleMetaphone.swift */ = {isa = PBXFileReference; lastKnownFileType = sourcecode.swift; path = DoubleMetaphone.swift; sourceTree = "<group>"; };
		2200000000000024 /* Localizable.xcstrings */ = {isa = PBXFileReference; lastKnownFileType = text.json.xcstrings; path = Localizable.xcstrings; sourceTree = "<group>"; };
		2200000000000025 /* PackService.swift */ = {isa = PBXFileReference; lastKnownFileType = sourcecode.swift; path = PackService.swift; sourceTree = "<group>"; };
		2200000000000026 /* TipDefinition.swift */ = {isa = PBXFileReference; lastKnownFileType = sourcecode.swift; path = TipDefinition.swift; sourceTree = "<group>"; };
		2200000000000027 /* TutorialStore.swift */ = {isa = PBXFileReference; lastKnownFileType = sourcecode.swift; path = TutorialStore.swift; sourceTree = "<group>"; };
		2200000000000028 /* SpotlightOverlay.swift */ = {isa = PBXFileReference; lastKnownFileType = sourcecode.swift; path = SpotlightOverlay.swift; sourceTree = "<group>"; };
		2200000000000029 /* SpotlightCoordinator.swift */ = {isa = PBXFileReference; lastKnownFileType = sourcecode.swift; path = SpotlightCoordinator.swift; sourceTree = "<group>"; };
		220000000000002A /* SpotlightModifier.swift */ = {isa = PBXFileReference; lastKnownFileType = sourcecode.swift; path = SpotlightModifier.swift; sourceTree = "<group>"; };
		220000000000002B /* QuoteAccuracyDetailView.swift */ = {isa = PBXFileReference; lastKnownFileType = sourcecode.swift; path = QuoteAccuracyDetailView.swift; sourceTree = "<group>"; };
		2200000000000030 /* Sounds */ = {isa = PBXFileReference; lastKnownFileType = folder; path = Sounds; sourceTree = "<group>"; };
		2200000000000031 /* TextToSpeechService.swift */ = {isa = PBXFileReference; lastKnownFileType = sourcecode.swift; path = TextToSpeechService.swift; sourceTree = "<group>"; };
		2200000000000032 /* KeychainHelper.swift */ = {isa = PBXFileReference; lastKnownFileType = sourcecode.swift; path = KeychainHelper.swift; sourceTree = "<group>"; };
		2200000000000033 /* AuthUser.swift */ = {isa = PBXFileReference; lastKnownFileType = sourcecode.swift; path = AuthUser.swift; sourceTree = "<group>"; };
		2200000000000034 /* AuthService.swift */ = {isa = PBXFileReference; lastKnownFileType = sourcecode.swift; path = AuthService.swift; sourceTree = "<group>"; };
		2200000000000035 /* AuthSheet.swift */ = {isa = PBXFileReference; lastKnownFileType = sourcecode.swift; path = AuthSheet.swift; sourceTree = "<group>"; };
		2200000000000036 /* Memorezar.entitlements */ = {isa = PBXFileReference; lastKnownFileType = text.plist.entitlements; path = Memorezar.entitlements; sourceTree = "<group>"; };
		2200000000000040 /* RevenueCatConfig.swift */ = {isa = PBXFileReference; lastKnownFileType = sourcecode.swift; path = RevenueCatConfig.swift; sourceTree = "<group>"; };
		2200000000000041 /* PurchaseService.swift */ = {isa = PBXFileReference; lastKnownFileType = sourcecode.swift; path = PurchaseService.swift; sourceTree = "<group>"; };
		2200000000000042 /* PaywallSheet.swift */ = {isa = PBXFileReference; lastKnownFileType = sourcecode.swift; path = PaywallSheet.swift; sourceTree = "<group>"; };
		2200000000000043 /* ProBadge.swift */ = {isa = PBXFileReference; lastKnownFileType = sourcecode.swift; path = ProBadge.swift; sourceTree = "<group>"; };
		2200000000000045 /* OnboardingFlow.swift */ = {isa = PBXFileReference; lastKnownFileType = sourcecode.swift; path = OnboardingFlow.swift; sourceTree = "<group>"; };
		2200000000000046 /* ContactSupportView.swift */ = {isa = PBXFileReference; lastKnownFileType = sourcecode.swift; path = ContactSupportView.swift; sourceTree = "<group>"; };
		2200000000000047 /* SupportTicketService.swift */ = {isa = PBXFileReference; lastKnownFileType = sourcecode.swift; path = SupportTicketService.swift; sourceTree = "<group>"; };
		2200000000000080 /* LanguageService.swift */ = {isa = PBXFileReference; lastKnownFileType = sourcecode.swift; path = LanguageService.swift; sourceTree = "<group>"; };
		2200000000000081 /* BackupPayload.swift */ = {isa = PBXFileReference; lastKnownFileType = sourcecode.swift; path = BackupPayload.swift; sourceTree = "<group>"; };
		2200000000000082 /* CloudBackupService.swift */ = {isa = PBXFileReference; lastKnownFileType = sourcecode.swift; path = CloudBackupService.swift; sourceTree = "<group>"; };
		3300000000000001 /* Memorezar.app */ = {isa = PBXFileReference; explicitFileType = wrapper.application; includeInIndex = 0; path = Memorezar.app; sourceTree = BUILT_PRODUCTS_DIR; };
/* End PBXFileReference section */

/* Begin PBXFrameworksBuildPhase section */
		4400000000000001 /* Frameworks */ = {
			isa = PBXFrameworksBuildPhase;
			buildActionMask = 2147483647;
			files = (
				1100000000000044 /* RevenueCat in Frameworks */,
			);
			runOnlyForDeploymentPostprocessing = 0;
		};
/* End PBXFrameworksBuildPhase section */

/* Begin PBXGroup section */
		5500000000000001 = {
			isa = PBXGroup;
			children = (
				5500000000000002 /* Memorezar */,
				5500000000000003 /* Products */,
			);
			sourceTree = "<group>";
		};
		5500000000000002 /* Memorezar */ = {
			isa = PBXGroup;
			children = (
				2200000000000001 /* MemorezerApp.swift */,
				2200000000000002 /* ContentView.swift */,
				5500000000000004 /* Core */,
				5500000000000008 /* Data */,
				550000000000000B /* UI */,
				550000000000000F /* Resources */,
				2200000000000011 /* Info.plist */,
				2200000000000036 /* Memorezar.entitlements */,
			);
			path = Memorezar;
			sourceTree = "<group>";
		};
		5500000000000003 /* Products */ = {
			isa = PBXGroup;
			children = (
				3300000000000001 /* Memorezar.app */,
			);
			name = Products;
			sourceTree = "<group>";
		};
		5500000000000004 /* Core */ = {
			isa = PBXGroup;
			children = (
				5500000000000005 /* Speech */,
				5500000000000006 /* Comparison */,
				5500000000000007 /* Alert */,
				5500000000000010 /* Chunking */,
			);
			path = Core;
			sourceTree = "<group>";
		};
		5500000000000005 /* Speech */ = {
			isa = PBXGroup;
			children = (
				2200000000000003 /* SpeechRecognitionService.swift */,
			);
			path = Speech;
			sourceTree = "<group>";
		};
		5500000000000006 /* Comparison */ = {
			isa = PBXGroup;
			children = (
				2200000000000004 /* WordComparator.swift */,
				2200000000000023 /* DoubleMetaphone.swift */,
			);
			path = Comparison;
			sourceTree = "<group>";
		};
		5500000000000007 /* Alert */ = {
			isa = PBXGroup;
			children = (
				2200000000000005 /* AlertManager.swift */,
			);
			path = Alert;
			sourceTree = "<group>";
		};
		5500000000000008 /* Data */ = {
			isa = PBXGroup;
			children = (
				5500000000000009 /* Models */,
				550000000000000A /* Storage */,
				5500000000000011 /* Services */,
			);
			path = Data;
			sourceTree = "<group>";
		};
		5500000000000009 /* Models */ = {
			isa = PBXGroup;
			children = (
				2200000000000006 /* Quote.swift */,
				2200000000000007 /* Settings.swift */,
				2200000000000016 /* SuggestionPack.swift */,
				2200000000000017 /* Recording.swift */,
				2200000000000018 /* MemorizationMode.swift */,
				2200000000000026 /* TipDefinition.swift */,
				2200000000000033 /* AuthUser.swift */,
				2200000000000081 /* BackupPayload.swift */,
			);
			path = Models;
			sourceTree = "<group>";
		};
		550000000000000A /* Storage */ = {
			isa = PBXGroup;
			children = (
				2200000000000008 /* QuoteStore.swift */,
				2200000000000009 /* SettingsStore.swift */,
				2200000000000015 /* UserEquivalencesStore.swift */,
				2200000000000014 /* LocalRecordingStore.swift */,
				2200000000000027 /* TutorialStore.swift */,
			);
			path = Storage;
			sourceTree = "<group>";
		};
		550000000000000B /* UI */ = {
			isa = PBXGroup;
			children = (
				550000000000000C /* Screens */,
				550000000000000D /* Components */,
				550000000000000E /* ViewModels */,
			);
			path = UI;
			sourceTree = "<group>";
		};
		550000000000000C /* Screens */ = {
			isa = PBXGroup;
			children = (
				220000000000000A /* HomeScreen.swift */,
				220000000000000B /* QuoteLibraryScreen.swift */,
				220000000000000C /* RecitationScreen.swift */,
				220000000000000D /* SettingsScreen.swift */,
				220000000000000E /* QuoteInputView.swift */,
				2200000000000012 /* StreakDetailView.swift */,
				2200000000000013 /* AccuracyDetailView.swift */,
				220000000000002B /* QuoteAccuracyDetailView.swift */,
				220000000000001F /* QuoteSplitView.swift */,
				2200000000000035 /* AuthSheet.swift */,
				2200000000000042 /* PaywallSheet.swift */,
				2200000000000045 /* OnboardingFlow.swift */,
				2200000000000046 /* ContactSupportView.swift */,
			);
			path = Screens;
			sourceTree = "<group>";
		};
		550000000000000D /* Components */ = {
			isa = PBXGroup;
			children = (
				2200000000000020 /* BrainCharacterView.swift */,
				2200000000000021 /* PhotoSourcePicker.swift */,
				2200000000000028 /* SpotlightOverlay.swift */,
				2200000000000029 /* SpotlightCoordinator.swift */,
				220000000000002A /* SpotlightModifier.swift */,
				2200000000000043 /* ProBadge.swift */,
			);
			path = Components;
			sourceTree = "<group>";
		};
		550000000000000E /* ViewModels */ = {
			isa = PBXGroup;
			children = (
				220000000000000F /* RecitationViewModel.swift */,
			);
			path = ViewModels;
			sourceTree = "<group>";
		};
		550000000000000F /* Resources */ = {
			isa = PBXGroup;
			children = (
				2200000000000010 /* Assets.xcassets */,
				2200000000000024 /* Localizable.xcstrings */,
				2200000000000030 /* Sounds */,
			);
			path = Resources;
			sourceTree = "<group>";
		};
		5500000000000010 /* Chunking */ = {
			isa = PBXGroup;
			children = (
				2200000000000022 /* TextChunker.swift */,
			);
			path = Chunking;
			sourceTree = "<group>";
		};
		5500000000000011 /* Services */ = {
			isa = PBXGroup;
			children = (
				2200000000000019 /* SupabaseConfig.swift */,
				220000000000001A /* RecordingService.swift */,
				220000000000001B /* AudioRecorderService.swift */,
				220000000000001C /* EquivalenceService.swift */,
				220000000000001D /* UnsplashService.swift */,
				2200000000000080 /* LanguageService.swift */,
				2200000000000082 /* CloudBackupService.swift */,
				2200000000000025 /* PackService.swift */,
				2200000000000031 /* TextToSpeechService.swift */,
				2200000000000032 /* KeychainHelper.swift */,
				2200000000000034 /* AuthService.swift */,
				2200000000000040 /* RevenueCatConfig.swift */,
				2200000000000041 /* PurchaseService.swift */,
				2200000000000047 /* SupportTicketService.swift */,
			);
			path = Services;
			sourceTree = "<group>";
		};
/* End PBXGroup section */

/* Begin PBXNativeTarget section */
		6600000000000001 /* Memorezar */ = {
			isa = PBXNativeTarget;
			buildConfigurationList = 7700000000000001 /* Build configuration list for PBXNativeTarget "Memorezar" */;
			buildPhases = (
				6600000000000002 /* Sources */,
				4400000000000001 /* Frameworks */,
				6600000000000003 /* Resources */,
			);
			buildRules = (
			);
			dependencies = (
			);
			name = Memorezar;
			packageProductDependencies = (
				AA00000000000002 /* RevenueCat */,
			);
			productName = Memorezar;
			productReference = 3300000000000001 /* Memorezar.app */;
			productType = "com.apple.product-type.application";
		};
/* End PBXNativeTarget section */

/* Begin PBXProject section */
		8800000000000001 /* Project object */ = {
			isa = PBXProject;
			attributes = {
				BuildIndependentTargetsInParallel = 1;
				LastSwiftUpdateCheck = 1500;
				LastUpgradeCheck = 2630;
				TargetAttributes = {
					6600000000000001 = {
						CreatedOnToolsVersion = 15.0;
					};
				};
			};
			buildConfigurationList = 7700000000000002 /* Build configuration list for PBXProject "Memorezar" */;
			compatibilityVersion = "Xcode 14.0";
			developmentRegion = en;
			hasScannedForEncodings = 0;
			knownRegions = (
				en,
				es,
				Base,
			);
			mainGroup = 5500000000000001;
			packageReferences = (
				AA00000000000001 /* XCRemoteSwiftPackageReference "purchases-ios" */,
			);
			productRefGroup = 5500000000000003 /* Products */;
			projectDirPath = "";
			projectRoot = "";
			targets = (
				6600000000000001 /* Memorezar */,
			);
		};
/* End PBXProject section */

/* Begin PBXResourcesBuildPhase section */
		6600000000000003 /* Resources */ = {
			isa = PBXResourcesBuildPhase;
			buildActionMask = 2147483647;
			files = (
				1100000000000010 /* Assets.xcassets in Resources */,
				1100000000000024 /* Localizable.xcstrings in Resources */,
				1100000000000030 /* Sounds in Resources */,
			);
			runOnlyForDeploymentPostprocessing = 0;
		};
/* End PBXResourcesBuildPhase section */

/* Begin PBXSourcesBuildPhase section */
		6600000000000002 /* Sources */ = {
			isa = PBXSourcesBuildPhase;
			buildActionMask = 2147483647;
			files = (
				1100000000000001 /* MemorezerApp.swift in Sources */,
				1100000000000002 /* ContentView.swift in Sources */,
				1100000000000003 /* SpeechRecognitionService.swift in Sources */,
				1100000000000004 /* WordComparator.swift in Sources */,
				1100000000000005 /* AlertManager.swift in Sources */,
				1100000000000006 /* Quote.swift in Sources */,
				1100000000000007 /* Settings.swift in Sources */,
				1100000000000008 /* QuoteStore.swift in Sources */,
				1100000000000009 /* SettingsStore.swift in Sources */,
				110000000000000A /* HomeScreen.swift in Sources */,
				110000000000000B /* QuoteLibraryScreen.swift in Sources */,
				110000000000000C /* RecitationScreen.swift in Sources */,
				110000000000000D /* SettingsScreen.swift in Sources */,
				110000000000000E /* QuoteInputView.swift in Sources */,
				110000000000000F /* RecitationViewModel.swift in Sources */,
				1100000000000011 /* StreakDetailView.swift in Sources */,
				1100000000000012 /* AccuracyDetailView.swift in Sources */,
				110000000000002B /* QuoteAccuracyDetailView.swift in Sources */,
				1100000000000013 /* LocalRecordingStore.swift in Sources */,
				1100000000000015 /* UserEquivalencesStore.swift in Sources */,
				1100000000000016 /* SuggestionPack.swift in Sources */,
				1100000000000017 /* Recording.swift in Sources */,
				1100000000000018 /* MemorizationMode.swift in Sources */,
				1100000000000019 /* SupabaseConfig.swift in Sources */,
				110000000000001A /* RecordingService.swift in Sources */,
				110000000000001B /* AudioRecorderService.swift in Sources */,
				110000000000001C /* EquivalenceService.swift in Sources */,
				110000000000001D /* UnsplashService.swift in Sources */,
				1100000000000080 /* LanguageService.swift in Sources */,
				1100000000000081 /* BackupPayload.swift in Sources */,
				1100000000000082 /* CloudBackupService.swift in Sources */,
				1100000000000025 /* PackService.swift in Sources */,
				1100000000000031 /* TextToSpeechService.swift in Sources */,
				110000000000001F /* QuoteSplitView.swift in Sources */,
				1100000000000020 /* BrainCharacterView.swift in Sources */,
				1100000000000021 /* PhotoSourcePicker.swift in Sources */,
				1100000000000022 /* TextChunker.swift in Sources */,
				1100000000000023 /* DoubleMetaphone.swift in Sources */,
				1100000000000026 /* TipDefinition.swift in Sources */,
				1100000000000027 /* TutorialStore.swift in Sources */,
				1100000000000028 /* SpotlightOverlay.swift in Sources */,
				1100000000000029 /* SpotlightCoordinator.swift in Sources */,
				110000000000002A /* SpotlightModifier.swift in Sources */,
				1100000000000032 /* KeychainHelper.swift in Sources */,
				1100000000000033 /* AuthUser.swift in Sources */,
				1100000000000034 /* AuthService.swift in Sources */,
				1100000000000035 /* AuthSheet.swift in Sources */,
				1100000000000040 /* RevenueCatConfig.swift in Sources */,
				1100000000000041 /* PurchaseService.swift in Sources */,
				1100000000000042 /* PaywallSheet.swift in Sources */,
				1100000000000043 /* ProBadge.swift in Sources */,
				1100000000000045 /* OnboardingFlow.swift in Sources */,
				1100000000000046 /* ContactSupportView.swift in Sources */,
				1100000000000047 /* SupportTicketService.swift in Sources */,
			);
			runOnlyForDeploymentPostprocessing = 0;
		};
/* End PBXSourcesBuildPhase section */

/* Begin XCBuildConfiguration section */
		9900000000000001 /* Debug */ = {
			isa = XCBuildConfiguration;
			buildSettings = {
				ALWAYS_SEARCH_USER_PATHS = NO;
				ASSETCATALOG_COMPILER_GENERATE_SWIFT_ASSET_SYMBOL_EXTENSIONS = YES;
				CLANG_ANALYZER_LOCALIZABILITY_NONLOCALIZED = YES;
				CLANG_ANALYZER_NONNULL = YES;
				CLANG_ANALYZER_NUMBER_OBJECT_CONVERSION = YES_AGGRESSIVE;
				CLANG_CXX_LANGUAGE_STANDARD = "gnu++20";
				CLANG_ENABLE_MODULES = YES;
				CLANG_ENABLE_OBJC_ARC = YES;
				CLANG_ENABLE_OBJC_WEAK = YES;
				CLANG_WARN_BLOCK_CAPTURE_AUTORELEASING = YES;
				CLANG_WARN_BOOL_CONVERSION = YES;
				CLANG_WARN_COMMA = YES;
				CLANG_WARN_CONSTANT_CONVERSION = YES;
				CLANG_WARN_DEPRECATED_OBJC_IMPLEMENTATIONS = YES;
				CLANG_WARN_DIRECT_OBJC_ISA_USAGE = YES_ERROR;
				CLANG_WARN_DOCUMENTATION_COMMENTS = YES;
				CLANG_WARN_EMPTY_BODY = YES;
				CLANG_WARN_ENUM_CONVERSION = YES;
				CLANG_WARN_INFINITE_RECURSION = YES;
				CLANG_WARN_INT_CONVERSION = YES;
				CLANG_WARN_NON_LITERAL_NULL_CONVERSION = YES;
				CLANG_WARN_OBJC_IMPLICIT_RETAIN_SELF = YES;
				CLANG_WARN_OBJC_LITERAL_CONVERSION = YES;
				CLANG_WARN_OBJC_ROOT_CLASS = YES_ERROR;
				CLANG_WARN_QUOTED_INCLUDE_IN_FRAMEWORK_HEADER = YES;
				CLANG_WARN_RANGE_LOOP_ANALYSIS = YES;
				CLANG_WARN_STRICT_PROTOTYPES = YES;
				CLANG_WARN_SUSPICIOUS_MOVE = YES;
				CLANG_WARN_UNGUARDED_AVAILABILITY = YES_AGGRESSIVE;
				CLANG_WARN_UNREACHABLE_CODE = YES;
				CLANG_WARN__DUPLICATE_METHOD_MATCH = YES;
				COPY_PHASE_STRIP = NO;
				DEBUG_INFORMATION_FORMAT = dwarf;
				DEVELOPMENT_TEAM = MM6ZGK5R3P;
				ENABLE_STRICT_OBJC_MSGSEND = YES;
				ENABLE_TESTABILITY = YES;
				ENABLE_USER_SCRIPT_SANDBOXING = YES;
				GCC_C_LANGUAGE_STANDARD = gnu17;
				GCC_DYNAMIC_NO_PIC = NO;
				GCC_NO_COMMON_BLOCKS = YES;
				GCC_OPTIMIZATION_LEVEL = 0;
				GCC_PREPROCESSOR_DEFINITIONS = (
					"DEBUG=1",
					"$(inherited)",
				);
				GCC_WARN_64_TO_32_BIT_CONVERSION = YES;
				GCC_WARN_ABOUT_RETURN_TYPE = YES_ERROR;
				GCC_WARN_UNDECLARED_SELECTOR = YES;
				GCC_WARN_UNINITIALIZED_AUTOS = YES_AGGRESSIVE;
				GCC_WARN_UNUSED_FUNCTION = YES;
				GCC_WARN_UNUSED_VARIABLE = YES;
				IPHONEOS_DEPLOYMENT_TARGET = 17.0;
				LOCALIZATION_PREFERS_STRING_CATALOGS = YES;
				MTL_ENABLE_DEBUG_INFO = INCLUDE_SOURCE;
				MTL_FAST_MATH = YES;
				ONLY_ACTIVE_ARCH = YES;
				SDKROOT = iphoneos;
				STRING_CATALOG_GENERATE_SYMBOLS = YES;
				SWIFT_ACTIVE_COMPILATION_CONDITIONS = "DEBUG $(inherited)";
				SWIFT_OPTIMIZATION_LEVEL = "-Onone";
			};
			name = Debug;
		};
		9900000000000002 /* Release */ = {
			isa = XCBuildConfiguration;
			buildSettings = {
				ALWAYS_SEARCH_USER_PATHS = NO;
				ASSETCATALOG_COMPILER_GENERATE_SWIFT_ASSET_SYMBOL_EXTENSIONS = YES;
				CLANG_ANALYZER_LOCALIZABILITY_NONLOCALIZED = YES;
				CLANG_ANALYZER_NONNULL = YES;
				CLANG_ANALYZER_NUMBER_OBJECT_CONVERSION = YES_AGGRESSIVE;
				CLANG_CXX_LANGUAGE_STANDARD = "gnu++20";
				CLANG_ENABLE_MODULES = YES;
				CLANG_ENABLE_OBJC_ARC = YES;
				CLANG_ENABLE_OBJC_WEAK = YES;
				CLANG_WARN_BLOCK_CAPTURE_AUTORELEASING = YES;
				CLANG_WARN_BOOL_CONVERSION = YES;
				CLANG_WARN_COMMA = YES;
				CLANG_WARN_CONSTANT_CONVERSION = YES;
				CLANG_WARN_DEPRECATED_OBJC_IMPLEMENTATIONS = YES;
				CLANG_WARN_DIRECT_OBJC_ISA_USAGE = YES_ERROR;
				CLANG_WARN_DOCUMENTATION_COMMENTS = YES;
				CLANG_WARN_EMPTY_BODY = YES;
				CLANG_WARN_ENUM_CONVERSION = YES;
				CLANG_WARN_INFINITE_RECURSION = YES;
				CLANG_WARN_INT_CONVERSION = YES;
				CLANG_WARN_NON_LITERAL_NULL_CONVERSION = YES;
				CLANG_WARN_OBJC_IMPLICIT_RETAIN_SELF = YES;
				CLANG_WARN_OBJC_LITERAL_CONVERSION = YES;
				CLANG_WARN_OBJC_ROOT_CLASS = YES_ERROR;
				CLANG_WARN_QUOTED_INCLUDE_IN_FRAMEWORK_HEADER = YES;
				CLANG_WARN_RANGE_LOOP_ANALYSIS = YES;
				CLANG_WARN_STRICT_PROTOTYPES = YES;
				CLANG_WARN_SUSPICIOUS_MOVE = YES;
				CLANG_WARN_UNGUARDED_AVAILABILITY = YES_AGGRESSIVE;
				CLANG_WARN_UNREACHABLE_CODE = YES;
				CLANG_WARN__DUPLICATE_METHOD_MATCH = YES;
				COPY_PHASE_STRIP = NO;
				DEBUG_INFORMATION_FORMAT = "dwarf-with-dsym";
				DEVELOPMENT_TEAM = MM6ZGK5R3P;
				ENABLE_NS_ASSERTIONS = NO;
				ENABLE_STRICT_OBJC_MSGSEND = YES;
				ENABLE_USER_SCRIPT_SANDBOXING = YES;
				GCC_C_LANGUAGE_STANDARD = gnu17;
				GCC_NO_COMMON_BLOCKS = YES;
				GCC_WARN_64_TO_32_BIT_CONVERSION = YES;
				GCC_WARN_ABOUT_RETURN_TYPE = YES_ERROR;
				GCC_WARN_UNDECLARED_SELECTOR = YES;
				GCC_WARN_UNINITIALIZED_AUTOS = YES_AGGRESSIVE;
				GCC_WARN_UNUSED_FUNCTION = YES;
				GCC_WARN_UNUSED_VARIABLE = YES;
				IPHONEOS_DEPLOYMENT_TARGET = 17.0;
				LOCALIZATION_PREFERS_STRING_CATALOGS = YES;
				MTL_ENABLE_DEBUG_INFO = NO;
				MTL_FAST_MATH = YES;
				SDKROOT = iphoneos;
				STRING_CATALOG_GENERATE_SYMBOLS = YES;
				SWIFT_COMPILATION_MODE = wholemodule;
				VALIDATE_PRODUCT = YES;
			};
			name = Release;
		};
		9900000000000003 /* Debug */ = {
			isa = XCBuildConfiguration;
			buildSettings = {
				ASSETCATALOG_COMPILER_APPICON_NAME = AppIcon;
				ASSETCATALOG_COMPILER_GLOBAL_ACCENT_COLOR_NAME = AccentColor;
				CODE_SIGN_ENTITLEMENTS = Memorezar/Memorezar.entitlements;
				CODE_SIGN_STYLE = Automatic;
				CURRENT_PROJECT_VERSION = 2;
				DEVELOPMENT_ASSET_PATHS = "\"Memorezar/Preview Content\"";
				ENABLE_PREVIEWS = YES;
				GENERATE_INFOPLIST_FILE = YES;
				INFOPLIST_FILE = Memorezar/Info.plist;
				INFOPLIST_KEY_CFBundleDisplayName = Memorezar;
				INFOPLIST_KEY_LSApplicationCategoryType = "public.app-category.education";
				INFOPLIST_KEY_NSMicrophoneUsageDescription = "Memorezar needs microphone access to hear you recite and provide real-time feedback when you make mistakes.";
				INFOPLIST_KEY_NSSpeechRecognitionUsageDescription = "Memorezar uses speech recognition to compare your spoken words against the text you're memorizing, providing instant feedback.";
				INFOPLIST_KEY_UIApplicationSupportsIndirectInputEvents = YES;
				INFOPLIST_KEY_UIRequiredDeviceCapabilities = microphone;
				INFOPLIST_KEY_UISupportedInterfaceOrientations = UIInterfaceOrientationPortrait;
				INFOPLIST_KEY_UISupportedInterfaceOrientations_iPad = UIInterfaceOrientationPortrait;
				INFOPLIST_KEY_UISupportedInterfaceOrientations_iPhone = UIInterfaceOrientationPortrait;
				INFOPLIST_KEY_UIUserInterfaceStyle = Automatic;
				LD_RUNPATH_SEARCH_PATHS = (
					"$(inherited)",
					"@executable_path/Frameworks",
				);
				MARKETING_VERSION = 1.1.0;
				PRODUCT_BUNDLE_IDENTIFIER = com.memorezar.app;
				PRODUCT_NAME = "$(TARGET_NAME)";
				SWIFT_EMIT_LOC_STRINGS = YES;
				SWIFT_VERSION = 5.0;
				TARGETED_DEVICE_FAMILY = "1,2";
			};
			name = Debug;
		};
		9900000000000004 /* Release */ = {
			isa = XCBuildConfiguration;
			buildSettings = {
				ASSETCATALOG_COMPILER_APPICON_NAME = AppIcon;
				ASSETCATALOG_COMPILER_GLOBAL_ACCENT_COLOR_NAME = AccentColor;
				CODE_SIGN_ENTITLEMENTS = Memorezar/Memorezar.entitlements;
				CODE_SIGN_STYLE = Automatic;
				CURRENT_PROJECT_VERSION = 2;
				DEVELOPMENT_ASSET_PATHS = "\"Memorezar/Preview Content\"";
				ENABLE_PREVIEWS = YES;
				GENERATE_INFOPLIST_FILE = YES;
				INFOPLIST_FILE = Memorezar/Info.plist;
				INFOPLIST_KEY_CFBundleDisplayName = Memorezar;
				INFOPLIST_KEY_LSApplicationCategoryType = "public.app-category.education";
				INFOPLIST_KEY_NSMicrophoneUsageDescription = "Memorezar needs microphone access to hear you recite and provide real-time feedback when you make mistakes.";
				INFOPLIST_KEY_NSSpeechRecognitionUsageDescription = "Memorezar uses speech recognition to compare your spoken words against the text you're memorizing, providing instant feedback.";
				INFOPLIST_KEY_UIApplicationSupportsIndirectInputEvents = YES;
				INFOPLIST_KEY_UIRequiredDeviceCapabilities = microphone;
				INFOPLIST_KEY_UISupportedInterfaceOrientations = UIInterfaceOrientationPortrait;
				INFOPLIST_KEY_UISupportedInterfaceOrientations_iPad = UIInterfaceOrientationPortrait;
				INFOPLIST_KEY_UISupportedInterfaceOrientations_iPhone = UIInterfaceOrientationPortrait;
				INFOPLIST_KEY_UIUserInterfaceStyle = Automatic;
				LD_RUNPATH_SEARCH_PATHS = (
					"$(inherited)",
					"@executable_path/Frameworks",
				);
				MARKETING_VERSION = 1.1.0;
				PRODUCT_BUNDLE_IDENTIFIER = com.memorezar.app;
				PRODUCT_NAME = "$(TARGET_NAME)";
				SWIFT_EMIT_LOC_STRINGS = YES;
				SWIFT_VERSION = 5.0;
				TARGETED_DEVICE_FAMILY = "1,2";
			};
			name = Release;
		};
/* End XCBuildConfiguration section */

/* Begin XCConfigurationList section */
		7700000000000001 /* Build configuration list for PBXNativeTarget "Memorezar" */ = {
			isa = XCConfigurationList;
			buildConfigurations = (
				9900000000000003 /* Debug */,
				9900000000000004 /* Release */,
			);
			defaultConfigurationIsVisible = 0;
			defaultConfigurationName = Release;
		};
		7700000000000002 /* Build configuration list for PBXProject "Memorezar" */ = {
			isa = XCConfigurationList;
			buildConfigurations = (
				9900000000000001 /* Debug */,
				9900000000000002 /* Release */,
			);
			defaultConfigurationIsVisible = 0;
			defaultConfigurationName = Release;
		};
/* End XCConfigurationList section */

/* Begin XCRemoteSwiftPackageReference section */
		AA00000000000001 /* XCRemoteSwiftPackageReference "purchases-ios" */ = {
			isa = XCRemoteSwiftPackageReference;
			repositoryURL = "https://github.com/RevenueCat/purchases-ios.git";
			requirement = {
				kind = upToNextMajorVersion;
				minimumVersion = 5.0.0;
			};
		};
/* End XCRemoteSwiftPackageReference section */

/* Begin XCSwiftPackageProductDependency section */
		AA00000000000002 /* RevenueCat */ = {
			isa = XCSwiftPackageProductDependency;
			package = AA00000000000001 /* XCRemoteSwiftPackageReference "purchases-ios" */;
			productName = RevenueCat;
		};
/* End XCSwiftPackageProductDependency section */
	};
	rootObject = 8800000000000001 /* Project object */;
}
